
Microsoft Visual Studio Solution File, Format Version 10.00
# Visual Studio 2008
Project("{FAE04EC0-301F-11D3-BF4B-00C04F79EFBC}") = "Uncas.EBS.Domain", "src\Uncas.EBS.Domain\Uncas.EBS.Domain.csproj", "{6BF0F142-F718-4BF9-A7F6-9B36D1C091B4}"
EndProject
Project("{FAE04EC0-301F-11D3-BF4B-00C04F79EFBC}") = "Uncas.EBS.UI", "src\Uncas.EBS.UI\Uncas.EBS.UI.csproj", "{1449B0B0-AE43-46B7-9C12-6951C196F1E9}"
EndProject
Project("{FAE04EC0-301F-11D3-BF4B-00C04F79EFBC}") = "Uncas.EBS.DAL", "src\Uncas.EBS.DAL\Uncas.EBS.DAL.csproj", "{19212C86-A667-4FB9-A59A-36C928B3AE95}"
EndProject
Project("{FAE04EC0-301F-11D3-BF4B-00C04F79EFBC}") = "Uncas.EBS.Tests", "src\Uncas.EBS.Tests\Uncas.EBS.Tests.csproj", "{40AECC36-94C1-4EE1-83D9-E7AFBFB868E2}"
EndProject
Project("{FAE04EC0-301F-11D3-BF4B-00C04F79EFBC}") = "Uncas.EBS.IntegrationTests", "src\Uncas.EBS.IntegrationTests\Uncas.EBS.IntegrationTests.csproj", "{B7FA4055-C329-4691-90C6-166EDC3C5A24}"
EndProject
Project("{2150E333-8FDC-42A3-9474-1A3956D46DE8}") = "Tests", "Tests", "{AA05878D-1B04-4DAA-950B-4692C3C6D584}"
EndProject
Project("{FAE04EC0-301F-11D3-BF4B-00C04F79EFBC}") = "Uncas.EBS.FakeRepository", "src\Uncas.EBS.FakeRepository\Uncas.EBS.FakeRepository.csproj", "{94E26026-DD6B-41C9-AB59-04923F563FFC}"
EndProject
Project("{2150E333-8FDC-42A3-9474-1A3956D46DE8}") = "1 - User Interface Layer", "1 - User Interface Layer", "{AA574AE2-FDA8-40CB-A11D-2BD577DEC22D}"
EndProject
Project("{2150E333-8FDC-42A3-9474-1A3956D46DE8}") = "2 - Application Layer", "2 - Application Layer", "{60107A1A-20B6-438C-AF1F-69DCA40F5E86}"
EndProject
Project("{2150E333-8FDC-42A3-9474-1A3956D46DE8}") = "3 - Domain Layer", "3 - Domain Layer", "{48E8DEBA-8E07-4272-A9F2-A7CEA8E6799F}"
EndProject
Project("{2150E333-8FDC-42A3-9474-1A3956D46DE8}") = "Repositories", "Repositories", "{450F498F-DFC6-4B93-9C6B-16181733D0DD}"
EndProject
Project("{FAE04EC0-301F-11D3-BF4B-00C04F79EFBC}") = "Uncas.EBS.ApplicationServices", "src\Uncas.EBS.ApplicationServices\Uncas.EBS.ApplicationServices.csproj", "{B8576674-7555-405B-96EE-3667A50EA1DE}"
EndProject
Global
	GlobalSection(SolutionConfigurationPlatforms) = preSolution
		Debug|Any CPU = Debug|Any CPU
		Release|Any CPU = Release|Any CPU
	EndGlobalSection
	GlobalSection(ProjectConfigurationPlatforms) = postSolution
		{6BF0F142-F718-4BF9-A7F6-9B36D1C091B4}.Debug|Any CPU.ActiveCfg = Debug|Any CPU
		{6BF0F142-F718-4BF9-A7F6-9B36D1C091B4}.Debug|Any CPU.Build.0 = Debug|Any CPU
		{6BF0F142-F718-4BF9-A7F6-9B36D1C091B4}.Release|Any CPU.ActiveCfg = Release|Any CPU
		{6BF0F142-F718-4BF9-A7F6-9B36D1C091B4}.Release|Any CPU.Build.0 = Release|Any CPU
		{1449B0B0-AE43-46B7-9C12-6951C196F1E9}.Debug|Any CPU.ActiveCfg = Debug|Any CPU
		{1449B0B0-AE43-46B7-9C12-6951C196F1E9}.Debug|Any CPU.Build.0 = Debug|Any CPU
		{1449B0B0-AE43-46B7-9C12-6951C196F1E9}.Release|Any CPU.ActiveCfg = Release|Any CPU
		{1449B0B0-AE43-46B7-9C12-6951C196F1E9}.Release|Any CPU.Build.0 = Release|Any CPU
		{19212C86-A667-4FB9-A59A-36C928B3AE95}.Debug|Any CPU.ActiveCfg = Debug|Any CPU
		{19212C86-A667-4FB9-A59A-36C928B3AE95}.Debug|Any CPU.Build.0 = Debug|Any CPU
		{19212C86-A667-4FB9-A59A-36C928B3AE95}.Release|Any CPU.ActiveCfg = Release|Any CPU
		{19212C86-A667-4FB9-A59A-36C928B3AE95}.Release|Any CPU.Build.0 = Release|Any CPU
		{40AECC36-94C1-4EE1-83D9-E7AFBFB868E2}.Debug|Any CPU.ActiveCfg = Debug|Any CPU
		{40AECC36-94C1-4EE1-83D9-E7AFBFB868E2}.Debug|Any CPU.Build.0 = Debug|Any CPU
		{40AECC36-94C1-4EE1-83D9-E7AFBFB868E2}.Release|Any CPU.ActiveCfg = Release|Any CPU
		{40AECC36-94C1-4EE1-83D9-E7AFBFB868E2}.Release|Any CPU.Build.0 = Release|Any CPU
		{B7FA4055-C329-4691-90C6-166EDC3C5A24}.Debug|Any CPU.ActiveCfg = Debug|Any CPU
		{B7FA4055-C329-4691-90C6-166EDC3C5A24}.Debug|Any CPU.Build.0 = Debug|Any CPU
		{B7FA4055-C329-4691-90C6-166EDC3C5A24}.Release|Any CPU.ActiveCfg = Release|Any CPU
		{B7FA4055-C329-4691-90C6-166EDC3C5A24}.Release|Any CPU.Build.0 = Release|Any CPU
		{94E26026-DD6B-41C9-AB59-04923F563FFC}.Debug|Any CPU.ActiveCfg = Debug|Any CPU
		{94E26026-DD6B-41C9-AB59-04923F563FFC}.Debug|Any CPU.Build.0 = Debug|Any CPU
		{94E26026-DD6B-41C9-AB59-04923F563FFC}.Release|Any CPU.ActiveCfg = Release|Any CPU
		{94E26026-DD6B-41C9-AB59-04923F563FFC}.Release|Any CPU.Build.0 = Release|Any CPU
		{B8576674-7555-405B-96EE-3667A50EA1DE}.Debug|Any CPU.ActiveCfg = Debug|Any CPU
		{B8576674-7555-405B-96EE-3667A50EA1DE}.Debug|Any CPU.Build.0 = Debug|Any CPU
		{B8576674-7555-405B-96EE-3667A50EA1DE}.Release|Any CPU.ActiveCfg = Release|Any CPU
		{B8576674-7555-405B-96EE-3667A50EA1DE}.Release|Any CPU.Build.0 = Release|Any CPU
	EndGlobalSection
	GlobalSection(SolutionProperties) = preSolution
		HideSolutionNode = FALSE
	EndGlobalSection
	GlobalSection(NestedProjects) = preSolution
		{B7FA4055-C329-4691-90C6-166EDC3C5A24} = {AA05878D-1B04-4DAA-950B-4692C3C6D584}
		{40AECC36-94C1-4EE1-83D9-E7AFBFB868E2} = {AA05878D-1B04-4DAA-950B-4692C3C6D584}
		{1449B0B0-AE43-46B7-9C12-6951C196F1E9} = {AA574AE2-FDA8-40CB-A11D-2BD577DEC22D}
		{B8576674-7555-405B-96EE-3667A50EA1DE} = {60107A1A-20B6-438C-AF1F-69DCA40F5E86}
		{6BF0F142-F718-4BF9-A7F6-9B36D1C091B4} = {48E8DEBA-8E07-4272-A9F2-A7CEA8E6799F}
		{450F498F-DFC6-4B93-9C6B-16181733D0DD} = {48E8DEBA-8E07-4272-A9F2-A7CEA8E6799F}
		{94E26026-DD6B-41C9-AB59-04923F563FFC} = {450F498F-DFC6-4B93-9C6B-16181733D0DD}
		{19212C86-A667-4FB9-A59A-36C928B3AE95} = {450F498F-DFC6-4B93-9C6B-16181733D0DD}
	EndGlobalSection
EndGlobal
